{
  "name": "choppy",
  "version": "1.8.37",
  "lockfileVersion": 1,
  "requires": true,
  "dependencies": {
    "amdefine": {
      "version": "1.0.1",
      "resolved": "https://registry.npmjs.org/amdefine/-/amdefine-1.0.1.tgz",
      "integrity": "sha1-SlKCrBZHKek2Gbz9OtFR+BfOkfU="
    },
    "base62": {
      "version": "0.1.1",
      "resolved": "https://registry.npmjs.org/base62/-/base62-0.1.1.tgz",
      "integrity": "sha1-e0F0wvlESXU7EcJlHAg9qEGnsIQ="
    },
    "core-util-is": {
      "version": "1.0.2",
      "resolved": "https://registry.npmjs.org/core-util-is/-/core-util-is-1.0.2.tgz",
      "integrity": "sha1-tf1UIgqivFq1eqtxQMlAdUUDwac="
    },
    "esprima-fb": {
      "version": "12001.1.0-dev-harmony-fb",
      "resolved": "https://registry.npmjs.org/esprima-fb/-/esprima-fb-12001.1.0-dev-harmony-fb.tgz",
      "integrity": "sha1-2EQAOEupXOJnjGF60kp/QICNqRU="
    },
    "inherits": {
      "version": "2.0.4",
      "resolved": "https://registry.npmjs.org/inherits/-/inherits-2.0.4.tgz",
      "integrity": "sha512-k/vGaX4/Yla3WzyMCvTQOXYeIHvqOKtnqBduzTHpzpQZzAskKMhZ2K+EnBiSM9zGSoIFeMpXKxa4dYeZIQqewQ=="
    },
    "isarray": {
      "version": "0.0.1",
      "resolved": "https://registry.npmjs.org/isarray/-/isarray-0.0.1.tgz",
      "integrity": "sha1-ihis/Kmo9Bd+Cav8YDiTmwXR7t8="
    },
    "jstransform": {
      "version": "9.1.1",
      "resolved": "https://registry.npmjs.org/jstransform/-/jstransform-9.1.1.tgz",
      "integrity": "sha1-IIWug6xOKNXyR8Vr9uQ0BKhcSxQ=",
      "requires": {
        "base62": "0.1.1",
        "esprima-fb": "12001.1.0-dev-harmony-fb",
        "source-map": "0.1.31"
      }
    },
    "lockfile": {
      "version": "0.3.4",
      "resolved": "https://registry.npmjs.org/lockfile/-/lockfile-0.3.4.tgz",
      "integrity": "sha1-kytjVG5JFfgbcZJLNhh3QDWO2gM="
    },
    "photoshop": {
      "version": "0.5.2",
      "resolved": "https://registry.npmjs.org/photoshop/-/photoshop-0.5.2.tgz",
      "integrity": "sha1-JAuKYu+ezdyCjlZ+aXxIYTU+Zu8=",
      "requires": {
        "jstransform": "^9.1",
        "lockfile": "^0.3",
        "readable-stream": "^1.0"
      }
    },
    "readable-stream": {
      "version": "1.1.14",
      "resolved": "https://registry.npmjs.org/readable-stream/-/readable-stream-1.1.14.tgz",
      "integrity": "sha1-fPTFTvZI44EwhMY23SB54WbAgdk=",
      "requires": {
        "core-util-is": "~1.0.0",
        "inherits": "~2.0.1",
        "isarray": "0.0.1",
        "string_decoder": "~0.10.x"
      }
    },
    "source-map": {
      "version": "0.1.31",
      "resolved": "https://registry.npmjs.org/source-map/-/source-map-0.1.31.tgz",
      "integrity": "sha1-n3BNDWnZ4TioG63267T94z0VHGE=",
      "requires": {
        "amdefine": ">=0.0.4"
      }
    },
    "string_decoder": {
      "version": "0.10.31",
      "resolved": "https://registry.npmjs.org/string_decoder/-/string_decoder-0.10.31.tgz",
      "integrity": "sha1-YuIDvEF2bGwoyfyEMB2rHFMQ+pQ="
    }
  }
}
